
Microsoft Visual Studio Solution File, Format Version 12.00
# Visual Studio Version 17
VisualStudioVersion = 17.11.35219.272
MinimumVisualStudioVersion = 10.0.40219.1
Project("{FAE04EC0-301F-11D3-BF4B-00C04F79EFBC}") = "WebAppLibros", "WebAppLibros.csproj", "{A5E0A967-B75D-4539-9BA5-88377A4575F3}"
EndProject
Global
	GlobalSection(SolutionConfigurationPlatforms) = preSolution
		Debug|Any CPU = Debug|Any CPU
		Release|Any CPU = Release|Any CPU
	EndGlobalSection
	GlobalSection(ProjectConfigurationPlatforms) = postSolution
		{A5E0A967-B75D-4539-9BA5-88377A4575F3}.Debug|Any CPU.ActiveCfg = Debug|Any CPU
		{A5E0A967-B75D-4539-9BA5-88377A4575F3}.Debug|Any CPU.Build.0 = Debug|Any CPU
		{A5E0A967-B75D-4539-9BA5-88377A4575F3}.Release|Any CPU.ActiveCfg = Release|Any CPU
		{A5E0A967-B75D-4539-9BA5-88377A4575F3}.Release|Any CPU.Build.0 = Release|Any CPU
	EndGlobalSection
	GlobalSection(SolutionProperties) = preSolution
		HideSolutionNode = FALSE
	EndGlobalSection
	GlobalSection(ExtensibilityGlobals) = postSolution
		SolutionGuid = {8E9FAD89-0D3A-4B28-BA4B-539AECEE24AF}
	EndGlobalSection
EndGlobal
